
Microsoft Visual Studio Solution File, Format Version 12.00
# Visual Studio Version 16
VisualStudioVersion = 16.0.30406.217
MinimumVisualStudioVersion = 10.0.40219.1
Project("{FAE04EC0-301F-11D3-BF4B-00C04F79EFBC}") = "Ben.Demo.BizTalk.Schemas", "Ben.Demo.BizTalk.Schemas\Ben.Demo.BizTalk.Schemas.btproj", "{A484DE36-E4AB-460F-A72E-74DF1E7DF0BB}"
EndProject
Project("{FAE04EC0-301F-11D3-BF4B-00C04F79EFBC}") = "Ben.Demo.BizTalk.Orchestrations", "Ben.Demo.BizTalk.Orchestrations\Ben.Demo.BizTalk.Orchestrations.btproj", "{72328C14-84FA-4302-BBCD-37422A922BC8}"
EndProject
Project("{FAE04EC0-301F-11D3-BF4B-00C04F79EFBC}") = "Ben.Demo.BizTalk.Components", "Ben.Demo.BizTalk.Components\Ben.Demo.BizTalk.Components.csproj", "{EBE02B9F-1A35-4012-9668-FB2D6C8633F6}"
EndProject
Project("{FAE04EC0-301F-11D3-BF4B-00C04F79EFBC}") = "Ben.Demo.BizTalk.Maps", "Ben.Demo.BizTalk.Maps\Ben.Demo.BizTalk.Maps.btproj", "{2BEF8E1E-162F-4C16-89E9-D6D87747B24F}"
EndProject
Project("{2150E333-8FDC-42A3-9474-1A3956D46DE8}") = "Ben.Demo.BizTalk.Deployment", "Ben.Demo.BizTalk.Deployment", "{2F44CB20-E1FF-481F-9E82-E7B034B96DA7}"
	ProjectSection(SolutionItems) = preProject
		Ben.Demo.BizTalk.Deployment\Ben.Demo.BizTalk.BindingInfo.xml = Ben.Demo.BizTalk.Deployment\Ben.Demo.BizTalk.BindingInfo.xml
		Ben.Demo.BizTalk.Deployment\Deployment.btdfproj = Ben.Demo.BizTalk.Deployment\Deployment.btdfproj
		Ben.Demo.BizTalk.Deployment\InstallWizard.xml = Ben.Demo.BizTalk.Deployment\InstallWizard.xml
		Ben.Demo.BizTalk.Deployment\License.rtf = Ben.Demo.BizTalk.Deployment\License.rtf
		Ben.Demo.BizTalk.Deployment\PortBindingsMaster.xml = Ben.Demo.BizTalk.Deployment\PortBindingsMaster.xml
		Ben.Demo.BizTalk.Deployment\SettingsFileGenerator.xml = Ben.Demo.BizTalk.Deployment\SettingsFileGenerator.xml
		Ben.Demo.BizTalk.Deployment\UnInstallWizard.xml = Ben.Demo.BizTalk.Deployment\UnInstallWizard.xml
	EndProjectSection
EndProject
Project("{2150E333-8FDC-42A3-9474-1A3956D46DE8}") = "SolutionFiles", "SolutionFiles", "{8FE61CE8-34F3-46A3-A781-6FB6F59D341E}"
	ProjectSection(SolutionItems) = preProject
		SolutionFiles\Build_BTDF_BenDemoBizTalk.bat = SolutionFiles\Build_BTDF_BenDemoBizTalk.bat
	EndProjectSection
EndProject
Project("{FAE04EC0-301F-11D3-BF4B-00C04F79EFBC}") = "Ben.Demo.BizTalk.Pipelines", "Ben.Demo.BizTalk.Pipelines\Ben.Demo.BizTalk.Pipelines.btproj", "{9065C85A-B6F7-4064-BE0D-B623C94967DD}"
EndProject
Project("{FAE04EC0-301F-11D3-BF4B-00C04F79EFBC}") = "Ben.Demo.WcfService", "Ben.Demo.WcfService\Ben.Demo.WcfService.csproj", "{32C38CEC-BD13-4435-905F-E779F2D79B16}"
EndProject
Global
	GlobalSection(SolutionConfigurationPlatforms) = preSolution
		Debug|Any CPU = Debug|Any CPU
		Release|Any CPU = Release|Any CPU
	EndGlobalSection
	GlobalSection(ProjectConfigurationPlatforms) = postSolution
		{A484DE36-E4AB-460F-A72E-74DF1E7DF0BB}.Debug|Any CPU.ActiveCfg = Debug|Any CPU
		{A484DE36-E4AB-460F-A72E-74DF1E7DF0BB}.Debug|Any CPU.Build.0 = Debug|Any CPU
		{A484DE36-E4AB-460F-A72E-74DF1E7DF0BB}.Release|Any CPU.ActiveCfg = Release|Any CPU
		{A484DE36-E4AB-460F-A72E-74DF1E7DF0BB}.Release|Any CPU.Build.0 = Release|Any CPU
		{A484DE36-E4AB-460F-A72E-74DF1E7DF0BB}.Release|Any CPU.Deploy.0 = Release|Any CPU
		{72328C14-84FA-4302-BBCD-37422A922BC8}.Debug|Any CPU.ActiveCfg = Debug|Any CPU
		{72328C14-84FA-4302-BBCD-37422A922BC8}.Debug|Any CPU.Build.0 = Debug|Any CPU
		{72328C14-84FA-4302-BBCD-37422A922BC8}.Release|Any CPU.ActiveCfg = Release|Any CPU
		{72328C14-84FA-4302-BBCD-37422A922BC8}.Release|Any CPU.Build.0 = Release|Any CPU
		{72328C14-84FA-4302-BBCD-37422A922BC8}.Release|Any CPU.Deploy.0 = Release|Any CPU
		{EBE02B9F-1A35-4012-9668-FB2D6C8633F6}.Debug|Any CPU.ActiveCfg = Debug|Any CPU
		{EBE02B9F-1A35-4012-9668-FB2D6C8633F6}.Debug|Any CPU.Build.0 = Debug|Any CPU
		{EBE02B9F-1A35-4012-9668-FB2D6C8633F6}.Release|Any CPU.ActiveCfg = Release|Any CPU
		{EBE02B9F-1A35-4012-9668-FB2D6C8633F6}.Release|Any CPU.Build.0 = Release|Any CPU
		{2BEF8E1E-162F-4C16-89E9-D6D87747B24F}.Debug|Any CPU.ActiveCfg = Debug|Any CPU
		{2BEF8E1E-162F-4C16-89E9-D6D87747B24F}.Debug|Any CPU.Build.0 = Debug|Any CPU
		{2BEF8E1E-162F-4C16-89E9-D6D87747B24F}.Release|Any CPU.ActiveCfg = Release|Any CPU
		{2BEF8E1E-162F-4C16-89E9-D6D87747B24F}.Release|Any CPU.Build.0 = Release|Any CPU
		{2BEF8E1E-162F-4C16-89E9-D6D87747B24F}.Release|Any CPU.Deploy.0 = Release|Any CPU
		{9065C85A-B6F7-4064-BE0D-B623C94967DD}.Debug|Any CPU.ActiveCfg = Debug|Any CPU
		{9065C85A-B6F7-4064-BE0D-B623C94967DD}.Debug|Any CPU.Build.0 = Debug|Any CPU
		{9065C85A-B6F7-4064-BE0D-B623C94967DD}.Debug|Any CPU.Deploy.0 = Debug|Any CPU
		{9065C85A-B6F7-4064-BE0D-B623C94967DD}.Release|Any CPU.ActiveCfg = Release|Any CPU
		{9065C85A-B6F7-4064-BE0D-B623C94967DD}.Release|Any CPU.Build.0 = Release|Any CPU
		{9065C85A-B6F7-4064-BE0D-B623C94967DD}.Release|Any CPU.Deploy.0 = Release|Any CPU
		{32C38CEC-BD13-4435-905F-E779F2D79B16}.Debug|Any CPU.ActiveCfg = Debug|Any CPU
		{32C38CEC-BD13-4435-905F-E779F2D79B16}.Debug|Any CPU.Build.0 = Debug|Any CPU
		{32C38CEC-BD13-4435-905F-E779F2D79B16}.Release|Any CPU.ActiveCfg = Release|Any CPU
		{32C38CEC-BD13-4435-905F-E779F2D79B16}.Release|Any CPU.Build.0 = Release|Any CPU
	EndGlobalSection
	GlobalSection(SolutionProperties) = preSolution
		HideSolutionNode = FALSE
	EndGlobalSection
	GlobalSection(ExtensibilityGlobals) = postSolution
		SolutionGuid = {1688E7FF-B70C-4F77-9F02-FAB039160627}
	EndGlobalSection
EndGlobal
